
Microsoft Visual Studio Solution File, Format Version 12.00
# Visual Studio Version 17
VisualStudioVersion = 17.0.32014.148
MinimumVisualStudioVersion = 10.0.40219.1
Project("{FAE04EC0-301F-11D3-BF4B-00C04F79EFBC}") = "projetoTESTEWIN", "projetoTESTEWIN.csproj", "{0B2D1E1F-950A-4986-A99E-81E270CDCDCE}"
EndProject
Global
	GlobalSection(SolutionConfigurationPlatforms) = preSolution
		Debug|Any CPU = Debug|Any CPU
		Release|Any CPU = Release|Any CPU
	EndGlobalSection
	GlobalSection(ProjectConfigurationPlatforms) = postSolution
		{0B2D1E1F-950A-4986-A99E-81E270CDCDCE}.Debug|Any CPU.ActiveCfg = Debug|Any CPU
		{0B2D1E1F-950A-4986-A99E-81E270CDCDCE}.Debug|Any CPU.Build.0 = Debug|Any CPU
		{0B2D1E1F-950A-4986-A99E-81E270CDCDCE}.Release|Any CPU.ActiveCfg = Release|Any CPU
		{0B2D1E1F-950A-4986-A99E-81E270CDCDCE}.Release|Any CPU.Build.0 = Release|Any CPU
	EndGlobalSection
	GlobalSection(SolutionProperties) = preSolution
		HideSolutionNode = FALSE
	EndGlobalSection
	GlobalSection(ExtensibilityGlobals) = postSolution
		SolutionGuid = {25997E8E-50B4-4270-B15E-1768E5DFE25A}
	EndGlobalSection
EndGlobal
